// !$*UTF8*$!
{
	archiveVersion = 1;
	classes = {
	};
	objectVersion = 46;
	objects = {

/* Begin PBXBuildFile section */
		2702A2331898E7BC0091837A /* HonorCell.m in Sources */ = {isa = PBXBuildFile; fileRef = 2702A2321898E7BC0091837A /* HonorCell.m */; };
		2702A2361898E7DC0091837A /* HonorList.m in Sources */ = {isa = PBXBuildFile; fileRef = 2702A2351898E7DC0091837A /* HonorList.m */; };
		2702A2391898E83F0091837A /* HonorInfo.m in Sources */ = {isa = PBXBuildFile; fileRef = 2702A2381898E83F0091837A /* HonorInfo.m */; };
		2702A2401898F25F0091837A /* image9.jpg in Resources */ = {isa = PBXBuildFile; fileRef = 2702A23B1898F25F0091837A /* image9.jpg */; };
		2702A2411898F25F0091837A /* image10.jpg in Resources */ = {isa = PBXBuildFile; fileRef = 2702A23C1898F25F0091837A /* image10.jpg */; };
		2702A2421898F25F0091837A /* image11.jpg in Resources */ = {isa = PBXBuildFile; fileRef = 2702A23D1898F25F0091837A /* image11.jpg */; };
		2702A2431898F25F0091837A /* image12.jpg in Resources */ = {isa = PBXBuildFile; fileRef = 2702A23E1898F25F0091837A /* image12.jpg */; };
		2702A2441898F25F0091837A /* image13.jpg in Resources */ = {isa = PBXBuildFile; fileRef = 2702A23F1898F25F0091837A /* image13.jpg */; };
		27286FA218988C7D005D85E3 /* FeedItem.m in Sources */ = {isa = PBXBuildFile; fileRef = 27286FA118988C7D005D85E3 /* FeedItem.m */; };
		27286FA518988F80005D85E3 /* FeedInCell.m in Sources */ = {isa = PBXBuildFile; fileRef = 27286FA418988F80005D85E3 /* FeedInCell.m */; };
		27286FAC1898BDEA005D85E3 /* FeedInfo.m in Sources */ = {isa = PBXBuildFile; fileRef = 27286FAB1898BDEA005D85E3 /* FeedInfo.m */; };
		27354C911890DEEC0097AA4E /* image1.jpg in Resources */ = {isa = PBXBuildFile; fileRef = 27354C891890DEEC0097AA4E /* image1.jpg */; };
		27354C921890DEEC0097AA4E /* image2.jpg in Resources */ = {isa = PBXBuildFile; fileRef = 27354C8A1890DEEC0097AA4E /* image2.jpg */; };
		27354C931890DEEC0097AA4E /* image3.JPG in Resources */ = {isa = PBXBuildFile; fileRef = 27354C8B1890DEEC0097AA4E /* image3.JPG */; };
		27354C941890DEEC0097AA4E /* image4.jpg in Resources */ = {isa = PBXBuildFile; fileRef = 27354C8C1890DEEC0097AA4E /* image4.jpg */; };
		27354C951890DEEC0097AA4E /* image5.jpg in Resources */ = {isa = PBXBuildFile; fileRef = 27354C8D1890DEEC0097AA4E /* image5.jpg */; };
		27354C961890DEEC0097AA4E /* image6.jpg in Resources */ = {isa = PBXBuildFile; fileRef = 27354C8E1890DEEC0097AA4E /* image6.jpg */; };
		27354C971890DEEC0097AA4E /* image7.JPG in Resources */ = {isa = PBXBuildFile; fileRef = 27354C8F1890DEEC0097AA4E /* image7.JPG */; };
		27354C981890DEEC0097AA4E /* image8.JPG in Resources */ = {isa = PBXBuildFile; fileRef = 27354C901890DEEC0097AA4E /* image8.JPG */; };
		276EF3BB1890A46B000AFBE1 /* Foundation.framework in Frameworks */ = {isa = PBXBuildFile; fileRef = 276EF3BA1890A46B000AFBE1 /* Foundation.framework */; };
		276EF3BD1890A46B000AFBE1 /* CoreGraphics.framework in Frameworks */ = {isa = PBXBuildFile; fileRef = 276EF3BC1890A46B000AFBE1 /* CoreGraphics.framework */; };
		276EF3BF1890A46B000AFBE1 /* UIKit.framework in Frameworks */ = {isa = PBXBuildFile; fileRef = 276EF3BE1890A46B000AFBE1 /* UIKit.framework */; };
		276EF3C51890A46B000AFBE1 /* InfoPlist.strings in Resources */ = {isa = PBXBuildFile; fileRef = 276EF3C31890A46B000AFBE1 /* InfoPlist.strings */; };
		276EF3C71890A46B000AFBE1 /* main.m in Sources */ = {isa = PBXBuildFile; fileRef = 276EF3C61890A46B000AFBE1 /* main.m */; };
		276EF3CB1890A46B000AFBE1 /* AppDelegate.m in Sources */ = {isa = PBXBuildFile; fileRef = 276EF3CA1890A46B000AFBE1 /* AppDelegate.m */; };
		276EF3CE1890A46B000AFBE1 /* Main.storyboard in Resources */ = {isa = PBXBuildFile; fileRef = 276EF3CC1890A46B000AFBE1 /* Main.storyboard */; };
		276EF3D11890A46B000AFBE1 /* ViewController.m in Sources */ = {isa = PBXBuildFile; fileRef = 276EF3D01890A46B000AFBE1 /* ViewController.m */; };
		276EF3D31890A46B000AFBE1 /* Images.xcassets in Resources */ = {isa = PBXBuildFile; fileRef = 276EF3D21890A46B000AFBE1 /* Images.xcassets */; };
		276EF3DA1890A46B000AFBE1 /* XCTest.framework in Frameworks */ = {isa = PBXBuildFile; fileRef = 276EF3D91890A46B000AFBE1 /* XCTest.framework */; };
		276EF3DB1890A46B000AFBE1 /* Foundation.framework in Frameworks */ = {isa = PBXBuildFile; fileRef = 276EF3BA1890A46B000AFBE1 /* Foundation.framework */; };
		276EF3DC1890A46B000AFBE1 /* UIKit.framework in Frameworks */ = {isa = PBXBuildFile; fileRef = 276EF3BE1890A46B000AFBE1 /* UIKit.framework */; };
		276EF3E41890A46B000AFBE1 /* InfoPlist.strings in Resources */ = {isa = PBXBuildFile; fileRef = 276EF3E21890A46B000AFBE1 /* InfoPlist.strings */; };
		276EF3E61890A46B000AFBE1 /* ProjectPETMILYTests.m in Sources */ = {isa = PBXBuildFile; fileRef = 276EF3E51890A46B000AFBE1 /* ProjectPETMILYTests.m */; };
		27DEE8EA1891FAA300582B07 /* PetCMainViewController.m in Sources */ = {isa = PBXBuildFile; fileRef = 27DEE8E91891FAA300582B07 /* PetCMainViewController.m */; };
		27DEE8EC1891FE1A00582B07 /* line.png in Resources */ = {isa = PBXBuildFile; fileRef = 27DEE8EB1891FE1A00582B07 /* line.png */; };
		B54518F2189E191A009228E2 /* BugerViewController.m in Sources */ = {isa = PBXBuildFile; fileRef = B54518F1189E191A009228E2 /* BugerViewController.m */; };
		B54518F5189E1F5A009228E2 /* NavigationViewController.m in Sources */ = {isa = PBXBuildFile; fileRef = B54518F4189E1F5A009228E2 /* NavigationViewController.m */; };
		B54518F8189E2AD2009228E2 /* NotiViewController.m in Sources */ = {isa = PBXBuildFile; fileRef = B54518F7189E2AD2009228E2 /* NotiViewController.m */; };
		B54518FA189E2ECF009228E2 /* 1.jpg in Resources */ = {isa = PBXBuildFile; fileRef = B54518F9189E2ECF009228E2 /* 1.jpg */; };
		B54518FC189E3922009228E2 /* hamburger.png in Resources */ = {isa = PBXBuildFile; fileRef = B54518FB189E3922009228E2 /* hamburger.png */; };
		B56E933A189A0ECE0091A848 /* FamilyPageViewController.m in Sources */ = {isa = PBXBuildFile; fileRef = B56E9339189A0ECE0091A848 /* FamilyPageViewController.m */; };
		B56E933D189A2B2B0091A848 /* FamilyPet.m in Sources */ = {isa = PBXBuildFile; fileRef = B56E933C189A2B2B0091A848 /* FamilyPet.m */; };
		B56E9343189A2B510091A848 /* FamilyPetInfo.m in Sources */ = {isa = PBXBuildFile; fileRef = B56E9342189A2B510091A848 /* FamilyPetInfo.m */; };
		B56E9345189A30700091A848 /* myPet1.jpg in Resources */ = {isa = PBXBuildFile; fileRef = B56E9344189A30700091A848 /* myPet1.jpg */; };
		B56E9348189A36D20091A848 /* FamilyPetInCell.m in Sources */ = {isa = PBXBuildFile; fileRef = B56E9347189A36D20091A848 /* FamilyPetInCell.m */; };
		B56E934A189A3F810091A848 /* images.jpeg in Resources */ = {isa = PBXBuildFile; fileRef = B56E9349189A3F810091A848 /* images.jpeg */; };
		B5D0B8F9189B8DC100F0B865 /* AddFamilyViewController.m in Sources */ = {isa = PBXBuildFile; fileRef = B5D0B8F8189B8DC100F0B865 /* AddFamilyViewController.m */; };
		B5D0B903189B8EE500F0B865 /* SearchInfo.m in Sources */ = {isa = PBXBuildFile; fileRef = B5D0B902189B8EE500F0B865 /* SearchInfo.m */; };
		B5D0B906189B8EFE00F0B865 /* SearchCell.m in Sources */ = {isa = PBXBuildFile; fileRef = B5D0B905189B8EFE00F0B865 /* SearchCell.m */; };
		B5D0B909189B8F6A00F0B865 /* Member.m in Sources */ = {isa = PBXBuildFile; fileRef = B5D0B908189B8F6A00F0B865 /* Member.m */; };
		B5D0B90C189B962C00F0B865 /* PostViewController.m in Sources */ = {isa = PBXBuildFile; fileRef = B5D0B90B189B962C00F0B865 /* PostViewController.m */; };
		E50A6E79D34A485BBA6B2E57 /* libPods.a in Frameworks */ = {isa = PBXBuildFile; fileRef = 1E94B2F38A194DF2B2FF4659 /* libPods.a */; };
/* End PBXBuildFile section */

/* Begin PBXContainerItemProxy section */
		276EF3DD1890A46B000AFBE1 /* PBXContainerItemProxy */ = {
			isa = PBXContainerItemProxy;
			containerPortal = 276EF3AF1890A46B000AFBE1 /* Project object */;
			proxyType = 1;
			remoteGlobalIDString = 276EF3B61890A46B000AFBE1;
			remoteInfo = ProjectPETMILY;
		};
/* End PBXContainerItemProxy section */

/* Begin PBXFileReference section */
		1E94B2F38A194DF2B2FF4659 /* libPods.a */ = {isa = PBXFileReference; explicitFileType = archive.ar; includeInIndex = 0; path = libPods.a; sourceTree = BUILT_PRODUCTS_DIR; };
		2702A2311898E7BC0091837A /* HonorCell.h */ = {isa = PBXFileReference; fileEncoding = 4; lastKnownFileType = sourcecode.c.h; path = HonorCell.h; sourceTree = "<group>"; };
		2702A2321898E7BC0091837A /* HonorCell.m */ = {isa = PBXFileReference; fileEncoding = 4; lastKnownFileType = sourcecode.c.objc; path = HonorCell.m; sourceTree = "<group>"; };
		2702A2341898E7DC0091837A /* HonorList.h */ = {isa = PBXFileReference; fileEncoding = 4; lastKnownFileType = sourcecode.c.h; path = HonorList.h; sourceTree = "<group>"; };
		2702A2351898E7DC0091837A /* HonorList.m */ = {isa = PBXFileReference; fileEncoding = 4; lastKnownFileType = sourcecode.c.objc; path = HonorList.m; sourceTree = "<group>"; };
		2702A2371898E83F0091837A /* HonorInfo.h */ = {isa = PBXFileReference; fileEncoding = 4; lastKnownFileType = sourcecode.c.h; path = HonorInfo.h; sourceTree = "<group>"; };
		2702A2381898E83F0091837A /* HonorInfo.m */ = {isa = PBXFileReference; fileEncoding = 4; lastKnownFileType = sourcecode.c.objc; path = HonorInfo.m; sourceTree = "<group>"; };
		2702A23B1898F25F0091837A /* image9.jpg */ = {isa = PBXFileReference; lastKnownFileType = image.jpeg; path = image9.jpg; sourceTree = "<group>"; };
		2702A23C1898F25F0091837A /* image10.jpg */ = {isa = PBXFileReference; lastKnownFileType = image.jpeg; path = image10.jpg; sourceTree = "<group>"; };
		2702A23D1898F25F0091837A /* image11.jpg */ = {isa = PBXFileReference; lastKnownFileType = image.jpeg; path = image11.jpg; sourceTree = "<group>"; };
		2702A23E1898F25F0091837A /* image12.jpg */ = {isa = PBXFileReference; lastKnownFileType = image.jpeg; path = image12.jpg; sourceTree = "<group>"; };
		2702A23F1898F25F0091837A /* image13.jpg */ = {isa = PBXFileReference; lastKnownFileType = image.jpeg; path = image13.jpg; sourceTree = "<group>"; };
		27286FA018988C7C005D85E3 /* FeedItem.h */ = {isa = PBXFileReference; fileEncoding = 4; lastKnownFileType = sourcecode.c.h; path = FeedItem.h; sourceTree = "<group>"; };
		27286FA118988C7D005D85E3 /* FeedItem.m */ = {isa = PBXFileReference; fileEncoding = 4; lastKnownFileType = sourcecode.c.objc; path = FeedItem.m; sourceTree = "<group>"; };
		27286FA318988F80005D85E3 /* FeedInCell.h */ = {isa = PBXFileReference; fileEncoding = 4; lastKnownFileType = sourcecode.c.h; path = FeedInCell.h; sourceTree = "<group>"; };
		27286FA418988F80005D85E3 /* FeedInCell.m */ = {isa = PBXFileReference; fileEncoding = 4; lastKnownFileType = sourcecode.c.objc; path = FeedInCell.m; sourceTree = "<group>"; };
		27286FA9189892BA005D85E3 /* FeedDelegate.h */ = {isa = PBXFileReference; lastKnownFileType = sourcecode.c.h; path = FeedDelegate.h; sourceTree = "<group>"; };
		27286FAA1898BDEA005D85E3 /* FeedInfo.h */ = {isa = PBXFileReference; fileEncoding = 4; lastKnownFileType = sourcecode.c.h; path = FeedInfo.h; sourceTree = "<group>"; };
		27286FAB1898BDEA005D85E3 /* FeedInfo.m */ = {isa = PBXFileReference; fileEncoding = 4; lastKnownFileType = sourcecode.c.objc; path = FeedInfo.m; sourceTree = "<group>"; };
		27354C891890DEEC0097AA4E /* image1.jpg */ = {isa = PBXFileReference; lastKnownFileType = image.jpeg; path = image1.jpg; sourceTree = "<group>"; };
		27354C8A1890DEEC0097AA4E /* image2.jpg */ = {isa = PBXFileReference; lastKnownFileType = image.jpeg; path = image2.jpg; sourceTree = "<group>"; };
		27354C8B1890DEEC0097AA4E /* image3.JPG */ = {isa = PBXFileReference; lastKnownFileType = image.jpeg; path = image3.JPG; sourceTree = "<group>"; };
		27354C8C1890DEEC0097AA4E /* image4.jpg */ = {isa = PBXFileReference; lastKnownFileType = image.jpeg; path = image4.jpg; sourceTree = "<group>"; };
		27354C8D1890DEEC0097AA4E /* image5.jpg */ = {isa = PBXFileReference; lastKnownFileType = image.jpeg; path = image5.jpg; sourceTree = "<group>"; };
		27354C8E1890DEEC0097AA4E /* image6.jpg */ = {isa = PBXFileReference; lastKnownFileType = image.jpeg; path = image6.jpg; sourceTree = "<group>"; };
		27354C8F1890DEEC0097AA4E /* image7.JPG */ = {isa = PBXFileReference; lastKnownFileType = image.jpeg; path = image7.JPG; sourceTree = "<group>"; };
		27354C901890DEEC0097AA4E /* image8.JPG */ = {isa = PBXFileReference; lastKnownFileType = image.jpeg; path = image8.JPG; sourceTree = "<group>"; };
		276EF3B71890A46B000AFBE1 /* ProjectPETMILY.app */ = {isa = PBXFileReference; explicitFileType = wrapper.application; includeInIndex = 0; path = ProjectPETMILY.app; sourceTree = BUILT_PRODUCTS_DIR; };
		276EF3BA1890A46B000AFBE1 /* Foundation.framework */ = {isa = PBXFileReference; lastKnownFileType = wrapper.framework; name = Foundation.framework; path = System/Library/Frameworks/Foundation.framework; sourceTree = SDKROOT; };
		276EF3BC1890A46B000AFBE1 /* CoreGraphics.framework */ = {isa = PBXFileReference; lastKnownFileType = wrapper.framework; name = CoreGraphics.framework; path = System/Library/Frameworks/CoreGraphics.framework; sourceTree = SDKROOT; };
		276EF3BE1890A46B000AFBE1 /* UIKit.framework */ = {isa = PBXFileReference; lastKnownFileType = wrapper.framework; name = UIKit.framework; path = System/Library/Frameworks/UIKit.framework; sourceTree = SDKROOT; };
		276EF3C21890A46B000AFBE1 /* ProjectPETMILY-Info.plist */ = {isa = PBXFileReference; lastKnownFileType = text.plist.xml; path = "ProjectPETMILY-Info.plist"; sourceTree = "<group>"; };
		276EF3C41890A46B000AFBE1 /* en */ = {isa = PBXFileReference; lastKnownFileType = text.plist.strings; name = en; path = en.lproj/InfoPlist.strings; sourceTree = "<group>"; };
		276EF3C61890A46B000AFBE1 /* main.m */ = {isa = PBXFileReference; lastKnownFileType = sourcecode.c.objc; path = main.m; sourceTree = "<group>"; };
		276EF3C81890A46B000AFBE1 /* ProjectPETMILY-Prefix.pch */ = {isa = PBXFileReference; lastKnownFileType = sourcecode.c.h; path = "ProjectPETMILY-Prefix.pch"; sourceTree = "<group>"; };
		276EF3C91890A46B000AFBE1 /* AppDelegate.h */ = {isa = PBXFileReference; lastKnownFileType = sourcecode.c.h; path = AppDelegate.h; sourceTree = "<group>"; };
		276EF3CA1890A46B000AFBE1 /* AppDelegate.m */ = {isa = PBXFileReference; lastKnownFileType = sourcecode.c.objc; path = AppDelegate.m; sourceTree = "<group>"; };
		276EF3CD1890A46B000AFBE1 /* Base */ = {isa = PBXFileReference; lastKnownFileType = file.storyboard; name = Base; path = Base.lproj/Main.storyboard; sourceTree = "<group>"; };
		276EF3CF1890A46B000AFBE1 /* ViewController.h */ = {isa = PBXFileReference; lastKnownFileType = sourcecode.c.h; path = ViewController.h; sourceTree = "<group>"; };
		276EF3D01890A46B000AFBE1 /* ViewController.m */ = {isa = PBXFileReference; lastKnownFileType = sourcecode.c.objc; path = ViewController.m; sourceTree = "<group>"; };
		276EF3D21890A46B000AFBE1 /* Images.xcassets */ = {isa = PBXFileReference; lastKnownFileType = folder.assetcatalog; path = Images.xcassets; sourceTree = "<group>"; };
		276EF3D81890A46B000AFBE1 /* ProjectPETMILYTests.xctest */ = {isa = PBXFileReference; explicitFileType = wrapper.cfbundle; includeInIndex = 0; path = ProjectPETMILYTests.xctest; sourceTree = BUILT_PRODUCTS_DIR; };
		276EF3D91890A46B000AFBE1 /* XCTest.framework */ = {isa = PBXFileReference; lastKnownFileType = wrapper.framework; name = XCTest.framework; path = Library/Frameworks/XCTest.framework; sourceTree = DEVELOPER_DIR; };
		276EF3E11890A46B000AFBE1 /* ProjectPETMILYTests-Info.plist */ = {isa = PBXFileReference; lastKnownFileType = text.plist.xml; path = "ProjectPETMILYTests-Info.plist"; sourceTree = "<group>"; };
		276EF3E31890A46B000AFBE1 /* en */ = {isa = PBXFileReference; lastKnownFileType = text.plist.strings; name = en; path = en.lproj/InfoPlist.strings; sourceTree = "<group>"; };
		276EF3E51890A46B000AFBE1 /* ProjectPETMILYTests.m */ = {isa = PBXFileReference; lastKnownFileType = sourcecode.c.objc; path = ProjectPETMILYTests.m; sourceTree = "<group>"; };
		27DEE8E81891FAA300582B07 /* PetCMainViewController.h */ = {isa = PBXFileReference; fileEncoding = 4; lastKnownFileType = sourcecode.c.h; path = PetCMainViewController.h; sourceTree = "<group>"; };
		27DEE8E91891FAA300582B07 /* PetCMainViewController.m */ = {isa = PBXFileReference; fileEncoding = 4; lastKnownFileType = sourcecode.c.objc; path = PetCMainViewController.m; sourceTree = "<group>"; };
		27DEE8EB1891FE1A00582B07 /* line.png */ = {isa = PBXFileReference; lastKnownFileType = image.png; path = line.png; sourceTree = "<group>"; };
		A94015CDFAFC4CFFB7D0B731 /* Pods.xcconfig */ = {isa = PBXFileReference; includeInIndex = 1; lastKnownFileType = text.xcconfig; name = Pods.xcconfig; path = Pods/Pods.xcconfig; sourceTree = "<group>"; };
		B54518F0189E191A009228E2 /* BugerViewController.h */ = {isa = PBXFileReference; fileEncoding = 4; lastKnownFileType = sourcecode.c.h; path = BugerViewController.h; sourceTree = "<group>"; };
		B54518F1189E191A009228E2 /* BugerViewController.m */ = {isa = PBXFileReference; fileEncoding = 4; lastKnownFileType = sourcecode.c.objc; path = BugerViewController.m; sourceTree = "<group>"; };
		B54518F3189E1F5A009228E2 /* NavigationViewController.h */ = {isa = PBXFileReference; fileEncoding = 4; lastKnownFileType = sourcecode.c.h; path = NavigationViewController.h; sourceTree = "<group>"; };
		B54518F4189E1F5A009228E2 /* NavigationViewController.m */ = {isa = PBXFileReference; fileEncoding = 4; lastKnownFileType = sourcecode.c.objc; path = NavigationViewController.m; sourceTree = "<group>"; };
		B54518F6189E2AD2009228E2 /* NotiViewController.h */ = {isa = PBXFileReference; fileEncoding = 4; lastKnownFileType = sourcecode.c.h; path = NotiViewController.h; sourceTree = "<group>"; };
		B54518F7189E2AD2009228E2 /* NotiViewController.m */ = {isa = PBXFileReference; fileEncoding = 4; lastKnownFileType = sourcecode.c.objc; path = NotiViewController.m; sourceTree = "<group>"; };
		B54518F9189E2ECF009228E2 /* 1.jpg */ = {isa = PBXFileReference; lastKnownFileType = image.jpeg; name = 1.jpg; path = ../1.jpg; sourceTree = "<group>"; };
		B54518FB189E3922009228E2 /* hamburger.png */ = {isa = PBXFileReference; lastKnownFileType = image.png; path = hamburger.png; sourceTree = "<group>"; };
		B56E9338189A0ECE0091A848 /* FamilyPageViewController.h */ = {isa = PBXFileReference; fileEncoding = 4; lastKnownFileType = sourcecode.c.h; path = FamilyPageViewController.h; sourceTree = "<group>"; };
		B56E9339189A0ECE0091A848 /* FamilyPageViewController.m */ = {isa = PBXFileReference; fileEncoding = 4; lastKnownFileType = sourcecode.c.objc; path = FamilyPageViewController.m; sourceTree = "<group>"; };
		B56E933B189A2B2B0091A848 /* FamilyPet.h */ = {isa = PBXFileReference; fileEncoding = 4; lastKnownFileType = sourcecode.c.h; path = FamilyPet.h; sourceTree = "<group>"; };
		B56E933C189A2B2B0091A848 /* FamilyPet.m */ = {isa = PBXFileReference; fileEncoding = 4; lastKnownFileType = sourcecode.c.objc; path = FamilyPet.m; sourceTree = "<group>"; };
		B56E9341189A2B510091A848 /* FamilyPetInfo.h */ = {isa = PBXFileReference; fileEncoding = 4; lastKnownFileType = sourcecode.c.h; path = FamilyPetInfo.h; sourceTree = "<group>"; };
		B56E9342189A2B510091A848 /* FamilyPetInfo.m */ = {isa = PBXFileReference; fileEncoding = 4; lastKnownFileType = sourcecode.c.objc; path = FamilyPetInfo.m; sourceTree = "<group>"; };
		B56E9344189A30700091A848 /* myPet1.jpg */ = {isa = PBXFileReference; lastKnownFileType = image.jpeg; path = myPet1.jpg; sourceTree = "<group>"; };
		B56E9346189A36D20091A848 /* FamilyPetInCell.h */ = {isa = PBXFileReference; fileEncoding = 4; lastKnownFileType = sourcecode.c.h; path = FamilyPetInCell.h; sourceTree = "<group>"; };
		B56E9347189A36D20091A848 /* FamilyPetInCell.m */ = {isa = PBXFileReference; fileEncoding = 4; lastKnownFileType = sourcecode.c.objc; path = FamilyPetInCell.m; sourceTree = "<group>"; };
		B56E9349189A3F810091A848 /* images.jpeg */ = {isa = PBXFileReference; lastKnownFileType = image.jpeg; path = images.jpeg; sourceTree = "<group>"; };
		B5D0B8F7189B8DC100F0B865 /* AddFamilyViewController.h */ = {isa = PBXFileReference; fileEncoding = 4; lastKnownFileType = sourcecode.c.h; path = AddFamilyViewController.h; sourceTree = "<group>"; };
		B5D0B8F8189B8DC100F0B865 /* AddFamilyViewController.m */ = {isa = PBXFileReference; fileEncoding = 4; lastKnownFileType = sourcecode.c.objc; path = AddFamilyViewController.m; sourceTree = "<group>"; };
		B5D0B901189B8EE500F0B865 /* SearchInfo.h */ = {isa = PBXFileReference; fileEncoding = 4; lastKnownFileType = sourcecode.c.h; path = SearchInfo.h; sourceTree = "<group>"; };
		B5D0B902189B8EE500F0B865 /* SearchInfo.m */ = {isa = PBXFileReference; fileEncoding = 4; lastKnownFileType = sourcecode.c.objc; path = SearchInfo.m; sourceTree = "<group>"; };
		B5D0B904189B8EFE00F0B865 /* SearchCell.h */ = {isa = PBXFileReference; fileEncoding = 4; lastKnownFileType = sourcecode.c.h; path = SearchCell.h; sourceTree = "<group>"; };
		B5D0B905189B8EFE00F0B865 /* SearchCell.m */ = {isa = PBXFileReference; fileEncoding = 4; lastKnownFileType = sourcecode.c.objc; path = SearchCell.m; sourceTree = "<group>"; };
		B5D0B907189B8F6A00F0B865 /* Member.h */ = {isa = PBXFileReference; fileEncoding = 4; lastKnownFileType = sourcecode.c.h; path = Member.h; sourceTree = "<group>"; };
		B5D0B908189B8F6A00F0B865 /* Member.m */ = {isa = PBXFileReference; fileEncoding = 4; lastKnownFileType = sourcecode.c.objc; path = Member.m; sourceTree = "<group>"; };
		B5D0B90A189B962C00F0B865 /* PostViewController.h */ = {isa = PBXFileReference; fileEncoding = 4; lastKnownFileType = sourcecode.c.h; path = PostViewController.h; sourceTree = "<group>"; };
		B5D0B90B189B962C00F0B865 /* PostViewController.m */ = {isa = PBXFileReference; fileEncoding = 4; lastKnownFileType = sourcecode.c.objc; path = PostViewController.m; sourceTree = "<group>"; };
/* End PBXFileReference section */

/* Begin PBXFrameworksBuildPhase section */
		276EF3B41890A46B000AFBE1 /* Frameworks */ = {
			isa = PBXFrameworksBuildPhase;
			buildActionMask = 2147483647;
			files = (
				276EF3BD1890A46B000AFBE1 /* CoreGraphics.framework in Frameworks */,
				276EF3BF1890A46B000AFBE1 /* UIKit.framework in Frameworks */,
				276EF3BB1890A46B000AFBE1 /* Foundation.framework in Frameworks */,
				E50A6E79D34A485BBA6B2E57 /* libPods.a in Frameworks */,
			);
			runOnlyForDeploymentPostprocessing = 0;
		};
		276EF3D51890A46B000AFBE1 /* Frameworks */ = {
			isa = PBXFrameworksBuildPhase;
			buildActionMask = 2147483647;
			files = (
				276EF3DA1890A46B000AFBE1 /* XCTest.framework in Frameworks */,
				276EF3DC1890A46B000AFBE1 /* UIKit.framework in Frameworks */,
				276EF3DB1890A46B000AFBE1 /* Foundation.framework in Frameworks */,
			);
			runOnlyForDeploymentPostprocessing = 0;
		};
/* End PBXFrameworksBuildPhase section */

/* Begin PBXGroup section */
		2702A23A1898E8440091837A /* Honor */ = {
			isa = PBXGroup;
			children = (
				2702A2371898E83F0091837A /* HonorInfo.h */,
				2702A2381898E83F0091837A /* HonorInfo.m */,
				2702A2341898E7DC0091837A /* HonorList.h */,
				2702A2351898E7DC0091837A /* HonorList.m */,
				2702A2311898E7BC0091837A /* HonorCell.h */,
				2702A2321898E7BC0091837A /* HonorCell.m */,
			);
			name = Honor;
			sourceTree = "<group>";
		};
		27286FAD1898C173005D85E3 /* Feed */ = {
			isa = PBXGroup;
			children = (
				27286FA9189892BA005D85E3 /* FeedDelegate.h */,
				27286FA318988F80005D85E3 /* FeedInCell.h */,
				27286FA418988F80005D85E3 /* FeedInCell.m */,
				27286FAA1898BDEA005D85E3 /* FeedInfo.h */,
				27286FAB1898BDEA005D85E3 /* FeedInfo.m */,
				27286FA018988C7C005D85E3 /* FeedItem.h */,
				27286FA118988C7D005D85E3 /* FeedItem.m */,
			);
			name = Feed;
			sourceTree = "<group>";
		};
		27354C881890DEEC0097AA4E /* ImageResource */ = {
			isa = PBXGroup;
			children = (
				B54518FB189E3922009228E2 /* hamburger.png */,
				B54518F9189E2ECF009228E2 /* 1.jpg */,
				B56E9349189A3F810091A848 /* images.jpeg */,
				B56E9344189A30700091A848 /* myPet1.jpg */,
				2702A23B1898F25F0091837A /* image9.jpg */,
				2702A23C1898F25F0091837A /* image10.jpg */,
				2702A23D1898F25F0091837A /* image11.jpg */,
				2702A23E1898F25F0091837A /* image12.jpg */,
				2702A23F1898F25F0091837A /* image13.jpg */,
				27DEE8EB1891FE1A00582B07 /* line.png */,
				27354C891890DEEC0097AA4E /* image1.jpg */,
				27354C8A1890DEEC0097AA4E /* image2.jpg */,
				27354C8B1890DEEC0097AA4E /* image3.JPG */,
				27354C8C1890DEEC0097AA4E /* image4.jpg */,
				27354C8D1890DEEC0097AA4E /* image5.jpg */,
				27354C8E1890DEEC0097AA4E /* image6.jpg */,
				27354C8F1890DEEC0097AA4E /* image7.JPG */,
				27354C901890DEEC0097AA4E /* image8.JPG */,
			);
			path = ImageResource;
			sourceTree = "<group>";
		};
		276EF3AE1890A46B000AFBE1 = {
			isa = PBXGroup;
			children = (
				B54518F6189E2AD2009228E2 /* NotiViewController.h */,
				B54518F7189E2AD2009228E2 /* NotiViewController.m */,
				B54518EF189E185A009228E2 /* BurgerMenu */,
				B5D0B90A189B962C00F0B865 /* PostViewController.h */,
				B5D0B90B189B962C00F0B865 /* PostViewController.m */,
				B5D0B907189B8F6A00F0B865 /* Member.h */,
				B5D0B908189B8F6A00F0B865 /* Member.m */,
				B5D0B904189B8EFE00F0B865 /* SearchCell.h */,
				B5D0B905189B8EFE00F0B865 /* SearchCell.m */,
				B5D0B901189B8EE500F0B865 /* SearchInfo.h */,
				B5D0B902189B8EE500F0B865 /* SearchInfo.m */,
				B5D0B8FA189B8DD100F0B865 /* FamilyPet */,
				B5D0B8F7189B8DC100F0B865 /* AddFamilyViewController.h */,
				B5D0B8F8189B8DC100F0B865 /* AddFamilyViewController.m */,
				2702A23A1898E8440091837A /* Honor */,
				27286FAD1898C173005D85E3 /* Feed */,
				27DEE8E81891FAA300582B07 /* PetCMainViewController.h */,
				27DEE8E91891FAA300582B07 /* PetCMainViewController.m */,
				27354C881890DEEC0097AA4E /* ImageResource */,
				276EF3C01890A46B000AFBE1 /* ProjectPETMILY */,
				276EF3DF1890A46B000AFBE1 /* ProjectPETMILYTests */,
				276EF3B91890A46B000AFBE1 /* Frameworks */,
				276EF3B81890A46B000AFBE1 /* Products */,
				A94015CDFAFC4CFFB7D0B731 /* Pods.xcconfig */,
			);
			sourceTree = "<group>";
		};
		276EF3B81890A46B000AFBE1 /* Products */ = {
			isa = PBXGroup;
			children = (
				276EF3B71890A46B000AFBE1 /* ProjectPETMILY.app */,
				276EF3D81890A46B000AFBE1 /* ProjectPETMILYTests.xctest */,
			);
			name = Products;
			sourceTree = "<group>";
		};
		276EF3B91890A46B000AFBE1 /* Frameworks */ = {
			isa = PBXGroup;
			children = (
				276EF3BA1890A46B000AFBE1 /* Foundation.framework */,
				276EF3BC1890A46B000AFBE1 /* CoreGraphics.framework */,
				276EF3BE1890A46B000AFBE1 /* UIKit.framework */,
				276EF3D91890A46B000AFBE1 /* XCTest.framework */,
				1E94B2F38A194DF2B2FF4659 /* libPods.a */,
			);
			name = Frameworks;
			sourceTree = "<group>";
		};
		276EF3C01890A46B000AFBE1 /* ProjectPETMILY */ = {
			isa = PBXGroup;
			children = (
				276EF3C91890A46B000AFBE1 /* AppDelegate.h */,
				276EF3CA1890A46B000AFBE1 /* AppDelegate.m */,
				276EF3CC1890A46B000AFBE1 /* Main.storyboard */,
				276EF3CF1890A46B000AFBE1 /* ViewController.h */,
				276EF3D01890A46B000AFBE1 /* ViewController.m */,
				276EF3D21890A46B000AFBE1 /* Images.xcassets */,
				276EF3C11890A46B000AFBE1 /* Supporting Files */,
			);
			path = ProjectPETMILY;
			sourceTree = "<group>";
		};
		276EF3C11890A46B000AFBE1 /* Supporting Files */ = {
			isa = PBXGroup;
			children = (
				276EF3C21890A46B000AFBE1 /* ProjectPETMILY-Info.plist */,
				276EF3C31890A46B000AFBE1 /* InfoPlist.strings */,
				276EF3C61890A46B000AFBE1 /* main.m */,
				276EF3C81890A46B000AFBE1 /* ProjectPETMILY-Prefix.pch */,
			);
			name = "Supporting Files";
			sourceTree = "<group>";
		};
		276EF3DF1890A46B000AFBE1 /* ProjectPETMILYTests */ = {
			isa = PBXGroup;
			children = (
				276EF3E51890A46B000AFBE1 /* ProjectPETMILYTests.m */,
				276EF3E01890A46B000AFBE1 /* Supporting Files */,
			);
			path = ProjectPETMILYTests;
			sourceTree = "<group>";
		};
		276EF3E01890A46B000AFBE1 /* Supporting Files */ = {
			isa = PBXGroup;
			children = (
				276EF3E11890A46B000AFBE1 /* ProjectPETMILYTests-Info.plist */,
				276EF3E21890A46B000AFBE1 /* InfoPlist.strings */,
			);
			name = "Supporting Files";
			sourceTree = "<group>";
		};
		B54518EF189E185A009228E2 /* BurgerMenu */ = {
			isa = PBXGroup;
			children = (
				B54518F3189E1F5A009228E2 /* NavigationViewController.h */,
				B54518F4189E1F5A009228E2 /* NavigationViewController.m */,
				B54518F0189E191A009228E2 /* BugerViewController.h */,
				B54518F1189E191A009228E2 /* BugerViewController.m */,
			);
			name = BurgerMenu;
			sourceTree = "<group>";
		};
		B5D0B8FA189B8DD100F0B865 /* FamilyPet */ = {
			isa = PBXGroup;
			children = (
				B56E9346189A36D20091A848 /* FamilyPetInCell.h */,
				B56E9347189A36D20091A848 /* FamilyPetInCell.m */,
				B56E9341189A2B510091A848 /* FamilyPetInfo.h */,
				B56E9342189A2B510091A848 /* FamilyPetInfo.m */,
				B56E933B189A2B2B0091A848 /* FamilyPet.h */,
				B56E933C189A2B2B0091A848 /* FamilyPet.m */,
				B56E9338189A0ECE0091A848 /* FamilyPageViewController.h */,
				B56E9339189A0ECE0091A848 /* FamilyPageViewController.m */,
			);
			name = FamilyPet;
			sourceTree = "<group>";
		};
/* End PBXGroup section */

/* Begin PBXNativeTarget section */
		276EF3B61890A46B000AFBE1 /* ProjectPETMILY */ = {
			isa = PBXNativeTarget;
			buildConfigurationList = 276EF3E91890A46B000AFBE1 /* Build configuration list for PBXNativeTarget "ProjectPETMILY" */;
			buildPhases = (
				CFDD7551259149A4946B1E5B /* Check Pods Manifest.lock */,
				276EF3B31890A46B000AFBE1 /* Sources */,
				276EF3B41890A46B000AFBE1 /* Frameworks */,
				276EF3B51890A46B000AFBE1 /* Resources */,
				9197EECB1A1C47949BCBD936 /* Copy Pods Resources */,
			);
			buildRules = (
			);
			dependencies = (
			);
			name = ProjectPETMILY;
			productName = ProjectPETMILY;
			productReference = 276EF3B71890A46B000AFBE1 /* ProjectPETMILY.app */;
			productType = "com.apple.product-type.application";
		};
		276EF3D71890A46B000AFBE1 /* ProjectPETMILYTests */ = {
			isa = PBXNativeTarget;
			buildConfigurationList = 276EF3EC1890A46B000AFBE1 /* Build configuration list for PBXNativeTarget "ProjectPETMILYTests" */;
			buildPhases = (
				276EF3D41890A46B000AFBE1 /* Sources */,
				276EF3D51890A46B000AFBE1 /* Frameworks */,
				276EF3D61890A46B000AFBE1 /* Resources */,
			);
			buildRules = (
			);
			dependencies = (
				276EF3DE1890A46B000AFBE1 /* PBXTargetDependency */,
			);
			name = ProjectPETMILYTests;
			productName = ProjectPETMILYTests;
			productReference = 276EF3D81890A46B000AFBE1 /* ProjectPETMILYTests.xctest */;
			productType = "com.apple.product-type.bundle.unit-test";
		};
/* End PBXNativeTarget section */

/* Begin PBXProject section */
		276EF3AF1890A46B000AFBE1 /* Project object */ = {
			isa = PBXProject;
			attributes = {
				LastUpgradeCheck = 0500;
				ORGANIZATIONNAME = "한상민(개만정벌)";
				TargetAttributes = {
					276EF3D71890A46B000AFBE1 = {
						TestTargetID = 276EF3B61890A46B000AFBE1;
					};
				};
			};
			buildConfigurationList = 276EF3B21890A46B000AFBE1 /* Build configuration list for PBXProject "ProjectPETMILY" */;
			compatibilityVersion = "Xcode 3.2";
			developmentRegion = English;
			hasScannedForEncodings = 0;
			knownRegions = (
				en,
				Base,
			);
			mainGroup = 276EF3AE1890A46B000AFBE1;
			productRefGroup = 276EF3B81890A46B000AFBE1 /* Products */;
			projectDirPath = "";
			projectRoot = "";
			targets = (
				276EF3B61890A46B000AFBE1 /* ProjectPETMILY */,
				276EF3D71890A46B000AFBE1 /* ProjectPETMILYTests */,
			);
		};
/* End PBXProject section */

/* Begin PBXResourcesBuildPhase section */
		276EF3B51890A46B000AFBE1 /* Resources */ = {
			isa = PBXResourcesBuildPhase;
			buildActionMask = 2147483647;
			files = (
				2702A2431898F25F0091837A /* image12.jpg in Resources */,
				B54518FC189E3922009228E2 /* hamburger.png in Resources */,
				276EF3D31890A46B000AFBE1 /* Images.xcassets in Resources */,
				27354C981890DEEC0097AA4E /* image8.JPG in Resources */,
				2702A2421898F25F0091837A /* image11.jpg in Resources */,
				27354C971890DEEC0097AA4E /* image7.JPG in Resources */,
				2702A2401898F25F0091837A /* image9.jpg in Resources */,
				B54518FA189E2ECF009228E2 /* 1.jpg in Resources */,
				27354C951890DEEC0097AA4E /* image5.jpg in Resources */,
				2702A2441898F25F0091837A /* image13.jpg in Resources */,
				27354C921890DEEC0097AA4E /* image2.jpg in Resources */,
				2702A2411898F25F0091837A /* image10.jpg in Resources */,
				27354C911890DEEC0097AA4E /* image1.jpg in Resources */,
				276EF3C51890A46B000AFBE1 /* InfoPlist.strings in Resources */,
				27354C941890DEEC0097AA4E /* image4.jpg in Resources */,
				27354C961890DEEC0097AA4E /* image6.jpg in Resources */,
				276EF3CE1890A46B000AFBE1 /* Main.storyboard in Resources */,
				B56E934A189A3F810091A848 /* images.jpeg in Resources */,
				27354C931890DEEC0097AA4E /* image3.JPG in Resources */,
				27DEE8EC1891FE1A00582B07 /* line.png in Resources */,
				B56E9345189A30700091A848 /* myPet1.jpg in Resources */,
			);
			runOnlyForDeploymentPostprocessing = 0;
		};
		276EF3D61890A46B000AFBE1 /* Resources */ = {
			isa = PBXResourcesBuildPhase;
			buildActionMask = 2147483647;
			files = (
				276EF3E41890A46B000AFBE1 /* InfoPlist.strings in Resources */,
			);
			runOnlyForDeploymentPostprocessing = 0;
		};
/* End PBXResourcesBuildPhase section */

/* Begin PBXShellScriptBuildPhase section */
		9197EECB1A1C47949BCBD936 /* Copy Pods Resources */ = {
			isa = PBXShellScriptBuildPhase;
			buildActionMask = 2147483647;
			files = (
			);
			inputPaths = (
			);
			name = "Copy Pods Resources";
			outputPaths = (
			);
			runOnlyForDeploymentPostprocessing = 0;
			shellPath = /bin/sh;
			shellScript = "\"${SRCROOT}/Pods/Pods-resources.sh\"\n";
			showEnvVarsInLog = 0;
		};
		CFDD7551259149A4946B1E5B /* Check Pods Manifest.lock */ = {
			isa = PBXShellScriptBuildPhase;
			buildActionMask = 2147483647;
			files = (
			);
			inputPaths = (
			);
			name = "Check Pods Manifest.lock";
			outputPaths = (
			);
			runOnlyForDeploymentPostprocessing = 0;
			shellPath = /bin/sh;
			shellScript = "diff \"${PODS_ROOT}/../Podfile.lock\" \"${PODS_ROOT}/Manifest.lock\" > /dev/null\nif [[ $? != 0 ]] ; then\n    cat << EOM\nerror: The sandbox is not in sync with the Podfile.lock. Run 'pod install' or update your CocoaPods installation.\nEOM\n    exit 1\nfi\n";
			showEnvVarsInLog = 0;
		};
/* End PBXShellScriptBuildPhase section */

/* Begin PBXSourcesBuildPhase section */
		276EF3B31890A46B000AFBE1 /* Sources */ = {
			isa = PBXSourcesBuildPhase;
			buildActionMask = 2147483647;
			files = (
				27286FA218988C7D005D85E3 /* FeedItem.m in Sources */,
				B56E9343189A2B510091A848 /* FamilyPetInfo.m in Sources */,
				B54518F5189E1F5A009228E2 /* NavigationViewController.m in Sources */,
				B5D0B903189B8EE500F0B865 /* SearchInfo.m in Sources */,
				B5D0B90C189B962C00F0B865 /* PostViewController.m in Sources */,
				B54518F2189E191A009228E2 /* BugerViewController.m in Sources */,
				B56E9348189A36D20091A848 /* FamilyPetInCell.m in Sources */,
				2702A2361898E7DC0091837A /* HonorList.m in Sources */,
				2702A2331898E7BC0091837A /* HonorCell.m in Sources */,
				B56E933A189A0ECE0091A848 /* FamilyPageViewController.m in Sources */,
				27DEE8EA1891FAA300582B07 /* PetCMainViewController.m in Sources */,
				B5D0B909189B8F6A00F0B865 /* Member.m in Sources */,
				27286FA518988F80005D85E3 /* FeedInCell.m in Sources */,
				276EF3D11890A46B000AFBE1 /* ViewController.m in Sources */,
				B54518F8189E2AD2009228E2 /* NotiViewController.m in Sources */,
				B5D0B906189B8EFE00F0B865 /* SearchCell.m in Sources */,
				276EF3CB1890A46B000AFBE1 /* AppDelegate.m in Sources */,
				2702A2391898E83F0091837A /* HonorInfo.m in Sources */,
				27286FAC1898BDEA005D85E3 /* FeedInfo.m in Sources */,
				B56E933D189A2B2B0091A848 /* FamilyPet.m in Sources */,
				B5D0B8F9189B8DC100F0B865 /* AddFamilyViewController.m in Sources */,
				276EF3C71890A46B000AFBE1 /* main.m in Sources */,
			);
			runOnlyForDeploymentPostprocessing = 0;
		};
		276EF3D41890A46B000AFBE1 /* Sources */ = {
			isa = PBXSourcesBuildPhase;
			buildActionMask = 2147483647;
			files = (
				276EF3E61890A46B000AFBE1 /* ProjectPETMILYTests.m in Sources */,
			);
			runOnlyForDeploymentPostprocessing = 0;
		};
/* End PBXSourcesBuildPhase section */

/* Begin PBXTargetDependency section */
		276EF3DE1890A46B000AFBE1 /* PBXTargetDependency */ = {
			isa = PBXTargetDependency;
			target = 276EF3B61890A46B000AFBE1 /* ProjectPETMILY */;
			targetProxy = 276EF3DD1890A46B000AFBE1 /* PBXContainerItemProxy */;
		};
/* End PBXTargetDependency section */

/* Begin PBXVariantGroup section */
		276EF3C31890A46B000AFBE1 /* InfoPlist.strings */ = {
			isa = PBXVariantGroup;
			children = (
				276EF3C41890A46B000AFBE1 /* en */,
			);
			name = InfoPlist.strings;
			sourceTree = "<group>";
		};
		276EF3CC1890A46B000AFBE1 /* Main.storyboard */ = {
			isa = PBXVariantGroup;
			children = (
				276EF3CD1890A46B000AFBE1 /* Base */,
			);
			name = Main.storyboard;
			sourceTree = "<group>";
		};
		276EF3E21890A46B000AFBE1 /* InfoPlist.strings */ = {
			isa = PBXVariantGroup;
			children = (
				276EF3E31890A46B000AFBE1 /* en */,
			);
			name = InfoPlist.strings;
			sourceTree = "<group>";
		};
/* End PBXVariantGroup section */

/* Begin XCBuildConfiguration section */
		276EF3E71890A46B000AFBE1 /* Debug */ = {
			isa = XCBuildConfiguration;
			buildSettings = {
				ALWAYS_SEARCH_USER_PATHS = NO;
				ARCHS = "$(ARCHS_STANDARD_INCLUDING_64_BIT)";
				CLANG_CXX_LANGUAGE_STANDARD = "gnu++0x";
				CLANG_CXX_LIBRARY = "libc++";
				CLANG_ENABLE_MODULES = YES;
				CLANG_ENABLE_OBJC_ARC = YES;
				CLANG_WARN_BOOL_CONVERSION = YES;
				CLANG_WARN_CONSTANT_CONVERSION = YES;
				CLANG_WARN_DIRECT_OBJC_ISA_USAGE = YES_ERROR;
				CLANG_WARN_EMPTY_BODY = YES;
				CLANG_WARN_ENUM_CONVERSION = YES;
				CLANG_WARN_INT_CONVERSION = YES;
				CLANG_WARN_OBJC_ROOT_CLASS = YES_ERROR;
				CLANG_WARN__DUPLICATE_METHOD_MATCH = YES;
				"CODE_SIGN_IDENTITY[sdk=iphoneos*]" = "iPhone Developer";
				COPY_PHASE_STRIP = NO;
				GCC_C_LANGUAGE_STANDARD = gnu99;
				GCC_DYNAMIC_NO_PIC = NO;
				GCC_OPTIMIZATION_LEVEL = 0;
				GCC_PREPROCESSOR_DEFINITIONS = (
					"DEBUG=1",
					"$(inherited)",
				);
				GCC_SYMBOLS_PRIVATE_EXTERN = NO;
				GCC_WARN_64_TO_32_BIT_CONVERSION = YES;
				GCC_WARN_ABOUT_RETURN_TYPE = YES_ERROR;
				GCC_WARN_UNDECLARED_SELECTOR = YES;
				GCC_WARN_UNINITIALIZED_AUTOS = YES;
				GCC_WARN_UNUSED_FUNCTION = YES;
				GCC_WARN_UNUSED_VARIABLE = YES;
				IPHONEOS_DEPLOYMENT_TARGET = 7.0;
				ONLY_ACTIVE_ARCH = YES;
				SDKROOT = iphoneos;
			};
			name = Debug;
		};
		276EF3E81890A46B000AFBE1 /* Release */ = {
			isa = XCBuildConfiguration;
			buildSettings = {
				ALWAYS_SEARCH_USER_PATHS = NO;
				ARCHS = "$(ARCHS_STANDARD_INCLUDING_64_BIT)";
				CLANG_CXX_LANGUAGE_STANDARD = "gnu++0x";
				CLANG_CXX_LIBRARY = "libc++";
				CLANG_ENABLE_MODULES = YES;
				CLANG_ENABLE_OBJC_ARC = YES;
				CLANG_WARN_BOOL_CONVERSION = YES;
				CLANG_WARN_CONSTANT_CONVERSION = YES;
				CLANG_WARN_DIRECT_OBJC_ISA_USAGE = YES_ERROR;
				CLANG_WARN_EMPTY_BODY = YES;
				CLANG_WARN_ENUM_CONVERSION = YES;
				CLANG_WARN_INT_CONVERSION = YES;
				CLANG_WARN_OBJC_ROOT_CLASS = YES_ERROR;
				CLANG_WARN__DUPLICATE_METHOD_MATCH = YES;
				"CODE_SIGN_IDENTITY[sdk=iphoneos*]" = "iPhone Developer";
				COPY_PHASE_STRIP = YES;
				ENABLE_NS_ASSERTIONS = NO;
				GCC_C_LANGUAGE_STANDARD = gnu99;
				GCC_WARN_64_TO_32_BIT_CONVERSION = YES;
				GCC_WARN_ABOUT_RETURN_TYPE = YES_ERROR;
				GCC_WARN_UNDECLARED_SELECTOR = YES;
				GCC_WARN_UNINITIALIZED_AUTOS = YES;
				GCC_WARN_UNUSED_FUNCTION = YES;
				GCC_WARN_UNUSED_VARIABLE = YES;
				IPHONEOS_DEPLOYMENT_TARGET = 7.0;
				SDKROOT = iphoneos;
				VALIDATE_PRODUCT = YES;
			};
			name = Release;
		};
		276EF3EA1890A46B000AFBE1 /* Debug */ = {
			isa = XCBuildConfiguration;
			baseConfigurationReference = A94015CDFAFC4CFFB7D0B731 /* Pods.xcconfig */;
			buildSettings = {
				ASSETCATALOG_COMPILER_APPICON_NAME = AppIcon;
				ASSETCATALOG_COMPILER_LAUNCHIMAGE_NAME = LaunchImage;
				GCC_PRECOMPILE_PREFIX_HEADER = YES;
				GCC_PREFIX_HEADER = "ProjectPETMILY/ProjectPETMILY-Prefix.pch";
				INFOPLIST_FILE = "ProjectPETMILY/ProjectPETMILY-Info.plist";
				PRODUCT_NAME = "$(TARGET_NAME)";
				WRAPPER_EXTENSION = app;
			};
			name = Debug;
		};
		276EF3EB1890A46B000AFBE1 /* Release */ = {
			isa = XCBuildConfiguration;
			baseConfigurationReference = A94015CDFAFC4CFFB7D0B731 /* Pods.xcconfig */;
			buildSettings = {
				ASSETCATALOG_COMPILER_APPICON_NAME = AppIcon;
				ASSETCATALOG_COMPILER_LAUNCHIMAGE_NAME = LaunchImage;
				GCC_PRECOMPILE_PREFIX_HEADER = YES;
				GCC_PREFIX_HEADER = "ProjectPETMILY/ProjectPETMILY-Prefix.pch";
				INFOPLIST_FILE = "ProjectPETMILY/ProjectPETMILY-Info.plist";
				PRODUCT_NAME = "$(TARGET_NAME)";
				WRAPPER_EXTENSION = app;
			};
			name = Release;
		};
		276EF3ED1890A46B000AFBE1 /* Debug */ = {
			isa = XCBuildConfiguration;
			buildSettings = {
				ARCHS = "$(ARCHS_STANDARD_INCLUDING_64_BIT)";
				BUNDLE_LOADER = "$(BUILT_PRODUCTS_DIR)/ProjectPETMILY.app/ProjectPETMILY";
				FRAMEWORK_SEARCH_PATHS = (
					"$(SDKROOT)/Developer/Library/Frameworks",
					"$(inherited)",
					"$(DEVELOPER_FRAMEWORKS_DIR)",
				);
				GCC_PRECOMPILE_PREFIX_HEADER = YES;
				GCC_PREFIX_HEADER = "ProjectPETMILY/ProjectPETMILY-Prefix.pch";
				GCC_PREPROCESSOR_DEFINITIONS = (
					"DEBUG=1",
					"$(inherited)",
				);
				INFOPLIST_FILE = "ProjectPETMILYTests/ProjectPETMILYTests-Info.plist";
				PRODUCT_NAME = "$(TARGET_NAME)";
				TEST_HOST = "$(BUNDLE_LOADER)";
				WRAPPER_EXTENSION = xctest;
			};
			name = Debug;
		};
		276EF3EE1890A46B000AFBE1 /* Release */ = {
			isa = XCBuildConfiguration;
			buildSettings = {
				ARCHS = "$(ARCHS_STANDARD_INCLUDING_64_BIT)";
				BUNDLE_LOADER = "$(BUILT_PRODUCTS_DIR)/ProjectPETMILY.app/ProjectPETMILY";
				FRAMEWORK_SEARCH_PATHS = (
					"$(SDKROOT)/Developer/Library/Frameworks",
					"$(inherited)",
					"$(DEVELOPER_FRAMEWORKS_DIR)",
				);
				GCC_PRECOMPILE_PREFIX_HEADER = YES;
				GCC_PREFIX_HEADER = "ProjectPETMILY/ProjectPETMILY-Prefix.pch";
				INFOPLIST_FILE = "ProjectPETMILYTests/ProjectPETMILYTests-Info.plist";
				PRODUCT_NAME = "$(TARGET_NAME)";
				TEST_HOST = "$(BUNDLE_LOADER)";
				WRAPPER_EXTENSION = xctest;
			};
			name = Release;
		};
/* End XCBuildConfiguration section */

/* Begin XCConfigurationList section */
		276EF3B21890A46B000AFBE1 /* Build configuration list for PBXProject "ProjectPETMILY" */ = {
			isa = XCConfigurationList;
			buildConfigurations = (
				276EF3E71890A46B000AFBE1 /* Debug */,
				276EF3E81890A46B000AFBE1 /* Release */,
			);
			defaultConfigurationIsVisible = 0;
			defaultConfigurationName = Release;
		};
		276EF3E91890A46B000AFBE1 /* Build configuration list for PBXNativeTarget "ProjectPETMILY" */ = {
			isa = XCConfigurationList;
			buildConfigurations = (
				276EF3EA1890A46B000AFBE1 /* Debug */,
				276EF3EB1890A46B000AFBE1 /* Release */,
			);
			defaultConfigurationIsVisible = 0;
			defaultConfigurationName = Release;
		};
		276EF3EC1890A46B000AFBE1 /* Build configuration list for PBXNativeTarget "ProjectPETMILYTests" */ = {
			isa = XCConfigurationList;
			buildConfigurations = (
				276EF3ED1890A46B000AFBE1 /* Debug */,
				276EF3EE1890A46B000AFBE1 /* Release */,
			);
			defaultConfigurationIsVisible = 0;
			defaultConfigurationName = Release;
		};
/* End XCConfigurationList section */
	};
	rootObject = 276EF3AF1890A46B000AFBE1 /* Project object */;
}
